# This file is autogenerated, do not edit; changes may be undone by the next 'dep ensure'.


[[projects]]
  digest = "1:8cf46b6c18a91068d446e26b67512cf16f1540b45d90b28b9533706a127f0ca6"
  name = "github.com/Sirupsen/logrus"
  packages = ["."]
  pruneopts = ""
  revision = "c155da19408a8799da419ed3eeb0cb5db0ad5dbc"
  version = "v1.0.5"

[[projects]]
  branch = "master"
  digest = "1:aa40e7b12294878a3d0caea7d3ac12ae293ef759fec4dfb18aa34f50d676d6b6"
  name = "github.com/foize/go.sgr"
  packages = ["."]
  pruneopts = ""
  revision = "40bdfc98040cd18ebb4d68e91ab97f6c58366ad8"

[[projects]]
  digest = "1:4bf97b55b437ec74ace7c93427be556fced6df9d75b2d5d39c093c594ffa1195"
  name = "github.com/fsnotify/fsnotify"
  packages = ["."]
  pruneopts = ""
  revision = "30411dbcefb7a1da7e84f75530ad3abe4011b4f8"
  version = "v1.3.0"

[[projects]]
  branch = "master"
  digest = "1:1bad410d94478fbd8b6c62b9e157d8ec0d3cbe2a35b7a1ce6610ac91bef9db55"
  name = "github.com/gophercloud/gophercloud"
  packages = [
    ".",
    "openstack",
    "openstack/identity/v2/tenants",
    "openstack/identity/v2/tokens",
    "openstack/identity/v3/tokens",
    "openstack/utils",
    "pagination",
  ]
  pruneopts = ""
  revision = "f83aee3da90f3f337d024070e2e68b04fb035149"

[[projects]]
  digest = "1:7c83be2be7712bd8f5bcc7034f114ec10ed0652fed92ad02762035815a2a8a54"
  name = "github.com/hashicorp/hcl"
  packages = [
    ".",
    "hcl/ast",
    "hcl/parser",
    "hcl/scanner",
    "hcl/strconv",
    "hcl/token",
    "json/parser",
    "json/scanner",
    "json/token",
  ]
  pruneopts = ""
  revision = "27a57f2605e04995c111273c263d51cee60d9bc4"

[[projects]]
  digest = "1:a62566967ebdc330d215dc1d6b539fd7653b2875fbe3b24a271a27c971756c20"
  name = "github.com/howeyc/gopass"
  packages = ["."]
  pruneopts = ""
  revision = "66487b23f2880ba32e185121d2cd51a338ea069a"

[[projects]]
  digest = "1:870d441fe217b8e689d7949fef6e43efbc787e50f200cb1e70dbca9204a1d6be"
  name = "github.com/inconshreveable/mousetrap"
  packages = ["."]
  pruneopts = ""
  revision = "76626ae9c91c4f2a10f34cad8ce83ea42c93bb75"
  version = "v1.0"

[[projects]]
  digest = "1:dbbefca5a071c455b6445134cae97bbb61ffd1940b9c99f2c924ed53eca7d4b4"
  name = "github.com/magiconair/properties"
  packages = ["."]
  pruneopts = ""
  revision = "c265cfa48dda6474e208715ca93e987829f572f8"
  version = "v1.7.0"

[[projects]]
  digest = "1:cb9bf7b99ca4343dbc494abbbfc4f43d883927207edee12438a20ea3e839d245"
  name = "github.com/mattn/go-runewidth"
  packages = ["."]
  pruneopts = ""
  revision = "d6bea18f789704b5f83375793155289da36a3c7f"
  version = "v0.0.1"

[[projects]]
  branch = "master"
  digest = "1:1856ee5a608d9e93667ac7811fc6360e2a9cae3ada938b3f13016c578b6d5f6e"
  name = "github.com/mitchellh/go-wordwrap"
  packages = ["."]
  pruneopts = ""
  revision = "ad45545899c7b13c020ea92b2072220eefad42b8"

[[projects]]
  digest = "1:e6bde7d0156586ff397479872c62f34489f89531d3a91251a259e12f3b0f5da9"
  name = "github.com/mitchellh/mapstructure"
  packages = ["."]
  pruneopts = ""
  revision = "d2dd0262208475919e1a362f675cfc0e7c10e905"

[[projects]]
  digest = "1:e0a947b85d2c4eb97603ab9dfac62882e3e196337fc96ae20a2ba30a4ec605fc"
  name = "github.com/olekukonko/tablewriter"
  packages = ["."]
  pruneopts = ""
  revision = "c9c819c8d9cafaeff4dc99f1686394dcd274b66b"

[[projects]]
  branch = "master"
  digest = "1:6e9f3ac18fc04934080608969c081dcddc74b6ca89e0d964085fe4a51cc657c1"
  name = "github.com/pelletier/go-toml"
  packages = ["."]
  pruneopts = ""
  revision = "2009e44b6f182e34d8ce081ac2767622937ea3d4"

[[projects]]
  branch = "master"
  digest = "1:af69cb2ef7b3ef6cb518787bd10c3ca014c5fae1c2847c2bf732f785c2954889"
  name = "github.com/sapcc/go-openstack-auth"
  packages = ["."]
  pruneopts = ""
  revision = "3ccdb846c92e534f07aca0958e8c4c95eb3afb6a"

[[projects]]
  digest = "1:4b61bbba5f72516ade84830ea716d5958b998fa7581cc6dca24c654bd53fcae2"
  name = "github.com/sergi/go-diff"
  packages = ["diffmatchpatch"]
  pruneopts = ""
  revision = "ec7fdbb58eb3e300c8595ad5ac74a5aa50019cc7"

[[projects]]
  branch = "master"
  digest = "1:41c42c90e5937fe6daf97ea35ab201118b2b88cc45ec9f7244f9ecb26c2fa27e"
  name = "github.com/spf13/afero"
  packages = [
    ".",
    "mem",
  ]
  pruneopts = ""
  revision = "e67d870304c4bca21331b02f414f970df13aa694"

[[projects]]
  digest = "1:c5cbebaf8ddc93114c06a9bd2fef4fee97fa5934c889bc3eeec94d4740bd8b12"
  name = "github.com/spf13/cast"
  packages = ["."]
  pruneopts = ""
  revision = "27b586b42e29bec072fe7379259cc719e1289da6"

[[projects]]
  digest = "1:43e9e48420ec8be774ea16f45bd8515919741ebdf6e80badfe35e37384a1f252"
  name = "github.com/spf13/cobra"
  packages = ["."]
  pruneopts = ""
  revision = "4c05eb1145f16d0e6bb4a3e1b6d769f4713cb41f"

[[projects]]
  digest = "1:f0116a3f4f5b36e3917f7758c67a80488606288f87e716e88f11b845200cc003"
  name = "github.com/spf13/jwalterweatherman"
  packages = ["."]
  pruneopts = ""
  revision = "33c24e77fb80341fe7130ee7c594256ff08ccc46"

[[projects]]
  branch = "master"
  digest = "1:88947a6f9e45fb7fdb7d9b79c58a0cadb12053035bd56848aa15f89e057c36f6"
  name = "github.com/spf13/pflag"
  packages = ["."]
  pruneopts = ""
  revision = "1f33b80956cde38911d1f23d764deb8d77a649ce"

[[projects]]
  branch = "patch-1"
  digest = "1:7be5bd411a739779d886cbe84bb3577b6487aa8c44522aa1c057d4badba6d072"
  name = "github.com/spf13/viper"
  packages = ["."]
  pruneopts = ""
  revision = "8d5bbde9533ec5b73631cb3c6e45116cb6de4379"
  source = "https://github.com/databus23/viper.git"

[[projects]]
  digest = "1:396c6c69ee6ce8a9af982cbd884c465007626a6a27b1f61f4de5c381a40cfca2"
  name = "golang.org/x/crypto"
  packages = ["ssh/terminal"]
  pruneopts = ""
  revision = "285fb2ed20d1dc450fc743a1b3ff7c36bef372b9"

[[projects]]
  branch = "master"
  digest = "1:b86b91c7728e9caf753e003ca8858099d91ed7053298c2f586657ab4c5537c3a"
  name = "golang.org/x/sys"
  packages = ["unix"]
  pruneopts = ""
  revision = "d0faeb539838e250bd0a9db4182d48d4a1915181"

[[projects]]
  branch = "master"
  digest = "1:706747bb1e3f870cf0dc52459cb94324cd347142fff3b61db56c0157a5f598d0"
  name = "golang.org/x/text"
  packages = [
    "internal/gen",
    "internal/triegen",
    "internal/ucd",
    "transform",
    "unicode/cldr",
    "unicode/norm",
  ]
  pruneopts = ""
  revision = "c01e4764d870b77f8abe5096ee19ad20d80e8075"

[[projects]]
  digest = "1:2a9d282ac5bdc7c512d37f7d8e37628b87adcc6e179840382c2688b8ad698076"
  name = "gopkg.in/yaml.v2"
  packages = ["."]
  pruneopts = ""
  revision = "7ad95dd0798a40da1ccdff6dff35fd177b5edf40"

[solve-meta]
  analyzer-name = "dep"
  analyzer-version = 1
  input-imports = [
    "github.com/Sirupsen/logrus",
    "github.com/foize/go.sgr",
    "github.com/howeyc/gopass",
    "github.com/mitchellh/go-wordwrap",
    "github.com/olekukonko/tablewriter",
    "github.com/sapcc/go-openstack-auth",
    "github.com/sergi/go-diff/diffmatchpatch",
    "github.com/spf13/cobra",
    "github.com/spf13/viper",
  ]
  solver-name = "gps-cdcl"
  solver-version = 1
